
Microsoft Visual Studio Solution File, Format Version 12.00
# Visual Studio Version 17
VisualStudioVersion = 17.11.35312.102
MinimumVisualStudioVersion = 10.0.40219.1
Project("{8BC9CEB8-8B4A-11D0-8D11-00A0C91BC942}") = "C++_Garbage_Collector", "C++_Garbage_Collector\C++_Garbage_Collector.vcxproj", "{CDE235AA-F4DE-44C8-964E-2093C2461FE8}"
EndProject
Global
	GlobalSection(SolutionConfigurationPlatforms) = preSolution
		Debug|x64 = Debug|x64
		Debug|x86 = Debug|x86
		Release|x64 = Release|x64
		Release|x86 = Release|x86
	EndGlobalSection
	GlobalSection(ProjectConfigurationPlatforms) = postSolution
		{CDE235AA-F4DE-44C8-964E-2093C2461FE8}.Debug|x64.ActiveCfg = Debug|x64
		{CDE235AA-F4DE-44C8-964E-2093C2461FE8}.Debug|x64.Build.0 = Debug|x64
		{CDE235AA-F4DE-44C8-964E-2093C2461FE8}.Debug|x86.ActiveCfg = Debug|Win32
		{CDE235AA-F4DE-44C8-964E-2093C2461FE8}.Debug|x86.Build.0 = Debug|Win32
		{CDE235AA-F4DE-44C8-964E-2093C2461FE8}.Release|x64.ActiveCfg = Release|x64
		{CDE235AA-F4DE-44C8-964E-2093C2461FE8}.Release|x64.Build.0 = Release|x64
		{CDE235AA-F4DE-44C8-964E-2093C2461FE8}.Release|x86.ActiveCfg = Release|Win32
		{CDE235AA-F4DE-44C8-964E-2093C2461FE8}.Release|x86.Build.0 = Release|Win32
	EndGlobalSection
	GlobalSection(SolutionProperties) = preSolution
		HideSolutionNode = FALSE
	EndGlobalSection
	GlobalSection(ExtensibilityGlobals) = postSolution
		SolutionGuid = {9A8C8AE9-D5F5-42F2-A1C9-4C00887CC6E6}
	EndGlobalSection
EndGlobal
